// !$*UTF8*$!
{
	archiveVersion = 1;
	classes = {
	};
	objectVersion = 50;
	objects = {

/* Begin PBXBuildFile section */
		1186C46325195683004BA303 /* AppDelegate.swift in Sources */ = {isa = PBXBuildFile; fileRef = 1186C46225195683004BA303 /* AppDelegate.swift */; };
		1186C46525195683004BA303 /* SceneDelegate.swift in Sources */ = {isa = PBXBuildFile; fileRef = 1186C46425195683004BA303 /* SceneDelegate.swift */; };
		1186C46725195683004BA303 /* ViewController.swift in Sources */ = {isa = PBXBuildFile; fileRef = 1186C46625195683004BA303 /* ViewController.swift */; };
		1186C46A25195683004BA303 /* Main.storyboard in Resources */ = {isa = PBXBuildFile; fileRef = 1186C46825195683004BA303 /* Main.storyboard */; };
		1186C46C25195687004BA303 /* Assets.xcassets in Resources */ = {isa = PBXBuildFile; fileRef = 1186C46B25195687004BA303 /* Assets.xcassets */; };
		1186C46F25195687004BA303 /* LaunchScreen.storyboard in Resources */ = {isa = PBXBuildFile; fileRef = 1186C46D25195687004BA303 /* LaunchScreen.storyboard */; };
		1186C47A25195688004BA303 /* WordGardenTests.swift in Sources */ = {isa = PBXBuildFile; fileRef = 1186C47925195688004BA303 /* WordGardenTests.swift */; };
		1186C48525195688004BA303 /* WordGardenUITests.swift in Sources */ = {isa = PBXBuildFile; fileRef = 1186C48425195688004BA303 /* WordGardenUITests.swift */; };
/* End PBXBuildFile section */

/* Begin PBXContainerItemProxy section */
		1186C47625195688004BA303 /* PBXContainerItemProxy */ = {
			isa = PBXContainerItemProxy;
			containerPortal = 1186C45725195682004BA303 /* Project object */;
			proxyType = 1;
			remoteGlobalIDString = 1186C45E25195682004BA303;
			remoteInfo = WordGarden;
		};
		1186C48125195688004BA303 /* PBXContainerItemProxy */ = {
			isa = PBXContainerItemProxy;
			containerPortal = 1186C45725195682004BA303 /* Project object */;
			proxyType = 1;
			remoteGlobalIDString = 1186C45E25195682004BA303;
			remoteInfo = WordGarden;
		};
/* End PBXContainerItemProxy section */

/* Begin PBXFileReference section */
		1186C45F25195683004BA303 /* WordGarden.app */ = {isa = PBXFileReference; explicitFileType = wrapper.application; includeInIndex = 0; path = WordGarden.app; sourceTree = BUILT_PRODUCTS_DIR; };
		1186C46225195683004BA303 /* AppDelegate.swift */ = {isa = PBXFileReference; lastKnownFileType = sourcecode.swift; path = AppDelegate.swift; sourceTree = "<group>"; };
		1186C46425195683004BA303 /* SceneDelegate.swift */ = {isa = PBXFileReference; lastKnownFileType = sourcecode.swift; path = SceneDelegate.swift; sourceTree = "<group>"; };
		1186C46625195683004BA303 /* ViewController.swift */ = {isa = PBXFileReference; lastKnownFileType = sourcecode.swift; path = ViewController.swift; sourceTree = "<group>"; };
		1186C46925195683004BA303 /* Base */ = {isa = PBXFileReference; lastKnownFileType = file.storyboard; name = Base; path = Base.lproj/Main.storyboard; sourceTree = "<group>"; };
		1186C46B25195687004BA303 /* Assets.xcassets */ = {isa = PBXFileReference; lastKnownFileType = folder.assetcatalog; path = Assets.xcassets; sourceTree = "<group>"; };
		1186C46E25195687004BA303 /* Base */ = {isa = PBXFileReference; lastKnownFileType = file.storyboard; name = Base; path = Base.lproj/LaunchScreen.storyboard; sourceTree = "<group>"; };
		1186C47025195687004BA303 /* Info.plist */ = {isa = PBXFileReference; lastKnownFileType = text.plist.xml; path = Info.plist; sourceTree = "<group>"; };
		1186C47525195688004BA303 /* WordGardenTests.xctest */ = {isa = PBXFileReference; explicitFileType = wrapper.cfbundle; includeInIndex = 0; path = WordGardenTests.xctest; sourceTree = BUILT_PRODUCTS_DIR; };
		1186C47925195688004BA303 /* WordGardenTests.swift */ = {isa = PBXFileReference; lastKnownFileType = sourcecode.swift; path = WordGardenTests.swift; sourceTree = "<group>"; };
		1186C47B25195688004BA303 /* Info.plist */ = {isa = PBXFileReference; lastKnownFileType = text.plist.xml; path = Info.plist; sourceTree = "<group>"; };
		1186C48025195688004BA303 /* WordGardenUITests.xctest */ = {isa = PBXFileReference; explicitFileType = wrapper.cfbundle; includeInIndex = 0; path = WordGardenUITests.xctest; sourceTree = BUILT_PRODUCTS_DIR; };
		1186C48425195688004BA303 /* WordGardenUITests.swift */ = {isa = PBXFileReference; lastKnownFileType = sourcecode.swift; path = WordGardenUITests.swift; sourceTree = "<group>"; };
		1186C48625195688004BA303 /* Info.plist */ = {isa = PBXFileReference; lastKnownFileType = text.plist.xml; path = Info.plist; sourceTree = "<group>"; };
/* End PBXFileReference section */

/* Begin PBXFrameworksBuildPhase section */
		1186C45C25195682004BA303 /* Frameworks */ = {
			isa = PBXFrameworksBuildPhase;
			buildActionMask = 2147483647;
			files = (
			);
			runOnlyForDeploymentPostprocessing = 0;
		};
		1186C47225195688004BA303 /* Frameworks */ = {
			isa = PBXFrameworksBuildPhase;
			buildActionMask = 2147483647;
			files = (
			);
			runOnlyForDeploymentPostprocessing = 0;
		};
		1186C47D25195688004BA303 /* Frameworks */ = {
			isa = PBXFrameworksBuildPhase;
			buildActionMask = 2147483647;
			files = (
			);
			runOnlyForDeploymentPostprocessing = 0;
		};
/* End PBXFrameworksBuildPhase section */

/* Begin PBXGroup section */
		1186C45625195682004BA303 = {
			isa = PBXGroup;
			children = (
				1186C46125195683004BA303 /* WordGarden */,
				1186C47825195688004BA303 /* WordGardenTests */,
				1186C48325195688004BA303 /* WordGardenUITests */,
				1186C46025195683004BA303 /* Products */,
			);
			sourceTree = "<group>";
		};
		1186C46025195683004BA303 /* Products */ = {
			isa = PBXGroup;
			children = (
				1186C45F25195683004BA303 /* WordGarden.app */,
				1186C47525195688004BA303 /* WordGardenTests.xctest */,
				1186C48025195688004BA303 /* WordGardenUITests.xctest */,
			);
			name = Products;
			sourceTree = "<group>";
		};
		1186C46125195683004BA303 /* WordGarden */ = {
			isa = PBXGroup;
			children = (
				1186C46225195683004BA303 /* AppDelegate.swift */,
				1186C46425195683004BA303 /* SceneDelegate.swift */,
				1186C46625195683004BA303 /* ViewController.swift */,
				1186C46825195683004BA303 /* Main.storyboard */,
				1186C46B25195687004BA303 /* Assets.xcassets */,
				1186C46D25195687004BA303 /* LaunchScreen.storyboard */,
				1186C47025195687004BA303 /* Info.plist */,
			);
			path = WordGarden;
			sourceTree = "<group>";
		};
		1186C47825195688004BA303 /* WordGardenTests */ = {
			isa = PBXGroup;
			children = (
				1186C47925195688004BA303 /* WordGardenTests.swift */,
				1186C47B25195688004BA303 /* Info.plist */,
			);
			path = WordGardenTests;
			sourceTree = "<group>";
		};
		1186C48325195688004BA303 /* WordGardenUITests */ = {
			isa = PBXGroup;
			children = (
				1186C48425195688004BA303 /* WordGardenUITests.swift */,
				1186C48625195688004BA303 /* Info.plist */,
			);
			path = WordGardenUITests;
			sourceTree = "<group>";
		};
/* End PBXGroup section */

/* Begin PBXNativeTarget section */
		1186C45E25195682004BA303 /* WordGarden */ = {
			isa = PBXNativeTarget;
			buildConfigurationList = 1186C48925195688004BA303 /* Build configuration list for PBXNativeTarget "WordGarden" */;
			buildPhases = (
				1186C45B25195682004BA303 /* Sources */,
				1186C45C25195682004BA303 /* Frameworks */,
				1186C45D25195682004BA303 /* Resources */,
			);
			buildRules = (
			);
			dependencies = (
			);
			name = WordGarden;
			productName = WordGarden;
			productReference = 1186C45F25195683004BA303 /* WordGarden.app */;
			productType = "com.apple.product-type.application";
		};
		1186C47425195688004BA303 /* WordGardenTests */ = {
			isa = PBXNativeTarget;
			buildConfigurationList = 1186C48C25195688004BA303 /* Build configuration list for PBXNativeTarget "WordGardenTests" */;
			buildPhases = (
				1186C47125195688004BA303 /* Sources */,
				1186C47225195688004BA303 /* Frameworks */,
				1186C47325195688004BA303 /* Resources */,
			);
			buildRules = (
			);
			dependencies = (
				1186C47725195688004BA303 /* PBXTargetDependency */,
			);
			name = WordGardenTests;
			productName = WordGardenTests;
			productReference = 1186C47525195688004BA303 /* WordGardenTests.xctest */;
			productType = "com.apple.product-type.bundle.unit-test";
		};
		1186C47F25195688004BA303 /* WordGardenUITests */ = {
			isa = PBXNativeTarget;
			buildConfigurationList = 1186C48F25195688004BA303 /* Build configuration list for PBXNativeTarget "WordGardenUITests" */;
			buildPhases = (
				1186C47C25195688004BA303 /* Sources */,
				1186C47D25195688004BA303 /* Frameworks */,
				1186C47E25195688004BA303 /* Resources */,
			);
			buildRules = (
			);
			dependencies = (
				1186C48225195688004BA303 /* PBXTargetDependency */,
			);
			name = WordGardenUITests;
			productName = WordGardenUITests;
			productReference = 1186C48025195688004BA303 /* WordGardenUITests.xctest */;
			productType = "com.apple.product-type.bundle.ui-testing";
		};
/* End PBXNativeTarget section */

/* Begin PBXProject section */
		1186C45725195682004BA303 /* Project object */ = {
			isa = PBXProject;
			attributes = {
				LastSwiftUpdateCheck = 1200;
				LastUpgradeCheck = 1200;
				TargetAttributes = {
					1186C45E25195682004BA303 = {
						CreatedOnToolsVersion = 12.0;
					};
					1186C47425195688004BA303 = {
						CreatedOnToolsVersion = 12.0;
						TestTargetID = 1186C45E25195682004BA303;
					};
					1186C47F25195688004BA303 = {
						CreatedOnToolsVersion = 12.0;
						TestTargetID = 1186C45E25195682004BA303;
					};
				};
			};
			buildConfigurationList = 1186C45A25195682004BA303 /* Build configuration list for PBXProject "WordGarden" */;
			compatibilityVersion = "Xcode 9.3";
			developmentRegion = en;
			hasScannedForEncodings = 0;
			knownRegions = (
				en,
				Base,
			);
			mainGroup = 1186C45625195682004BA303;
			productRefGroup = 1186C46025195683004BA303 /* Products */;
			projectDirPath = "";
			projectRoot = "";
			targets = (
				1186C45E25195682004BA303 /* WordGarden */,
				1186C47425195688004BA303 /* WordGardenTests */,
				1186C47F25195688004BA303 /* WordGardenUITests */,
			);
		};
/* End PBXProject section */

/* Begin PBXResourcesBuildPhase section */
		1186C45D25195682004BA303 /* Resources */ = {
			isa = PBXResourcesBuildPhase;
			buildActionMask = 2147483647;
			files = (
				1186C46F25195687004BA303 /* LaunchScreen.storyboard in Resources */,
				1186C46C25195687004BA303 /* Assets.xcassets in Resources */,
				1186C46A25195683004BA303 /* Main.storyboard in Resources */,
			);
			runOnlyForDeploymentPostprocessing = 0;
		};
		1186C47325195688004BA303 /* Resources */ = {
			isa = PBXResourcesBuildPhase;
			buildActionMask = 2147483647;
			files = (
			);
			runOnlyForDeploymentPostprocessing = 0;
		};
		1186C47E25195688004BA303 /* Resources */ = {
			isa = PBXResourcesBuildPhase;
			buildActionMask = 2147483647;
			files = (
			);
			runOnlyForDeploymentPostprocessing = 0;
		};
/* End PBXResourcesBuildPhase section */

/* Begin PBXSourcesBuildPhase section */
		1186C45B25195682004BA303 /* Sources */ = {
			isa = PBXSourcesBuildPhase;
			buildActionMask = 2147483647;
			files = (
				1186C46725195683004BA303 /* ViewController.swift in Sources */,
				1186C46325195683004BA303 /* AppDelegate.swift in Sources */,
				1186C46525195683004BA303 /* SceneDelegate.swift in Sources */,
			);
			runOnlyForDeploymentPostprocessing = 0;
		};
		1186C47125195688004BA303 /* Sources */ = {
			isa = PBXSourcesBuildPhase;
			buildActionMask = 2147483647;
			files = (
				1186C47A25195688004BA303 /* WordGardenTests.swift in Sources */,
			);
			runOnlyForDeploymentPostprocessing = 0;
		};
		1186C47C25195688004BA303 /* Sources */ = {
			isa = PBXSourcesBuildPhase;
			buildActionMask = 2147483647;
			files = (
				1186C48525195688004BA303 /* WordGardenUITests.swift in Sources */,
			);
			runOnlyForDeploymentPostprocessing = 0;
		};
/* End PBXSourcesBuildPhase section */

/* Begin PBXTargetDependency section */
		1186C47725195688004BA303 /* PBXTargetDependency */ = {
			isa = PBXTargetDependency;
			target = 1186C45E25195682004BA303 /* WordGarden */;
			targetProxy = 1186C47625195688004BA303 /* PBXContainerItemProxy */;
		};
		1186C48225195688004BA303 /* PBXTargetDependency */ = {
			isa = PBXTargetDependency;
			target = 1186C45E25195682004BA303 /* WordGarden */;
			targetProxy = 1186C48125195688004BA303 /* PBXContainerItemProxy */;
		};
/* End PBXTargetDependency section */

/* Begin PBXVariantGroup section */
		1186C46825195683004BA303 /* Main.storyboard */ = {
			isa = PBXVariantGroup;
			children = (
				1186C46925195683004BA303 /* Base */,
			);
			name = Main.storyboard;
			sourceTree = "<group>";
		};
		1186C46D25195687004BA303 /* LaunchScreen.storyboard */ = {
			isa = PBXVariantGroup;
			children = (
				1186C46E25195687004BA303 /* Base */,
			);
			name = LaunchScreen.storyboard;
			sourceTree = "<group>";
		};
/* End PBXVariantGroup section */

/* Begin XCBuildConfiguration section */
		1186C48725195688004BA303 /* Debug */ = {
			isa = XCBuildConfiguration;
			buildSettings = {
				ALWAYS_SEARCH_USER_PATHS = NO;
				CLANG_ANALYZER_NONNULL = YES;
				CLANG_ANALYZER_NUMBER_OBJECT_CONVERSION = YES_AGGRESSIVE;
				CLANG_CXX_LANGUAGE_STANDARD = "gnu++14";
				CLANG_CXX_LIBRARY = "libc++";
				CLANG_ENABLE_MODULES = YES;
				CLANG_ENABLE_OBJC_ARC = YES;
				CLANG_ENABLE_OBJC_WEAK = YES;
				CLANG_WARN_BLOCK_CAPTURE_AUTORELEASING = YES;
				CLANG_WARN_BOOL_CONVERSION = YES;
				CLANG_WARN_COMMA = YES;
				CLANG_WARN_CONSTANT_CONVERSION = YES;
				CLANG_WARN_DEPRECATED_OBJC_IMPLEMENTATIONS = YES;
				CLANG_WARN_DIRECT_OBJC_ISA_USAGE = YES_ERROR;
				CLANG_WARN_DOCUMENTATION_COMMENTS = YES;
				CLANG_WARN_EMPTY_BODY = YES;
				CLANG_WARN_ENUM_CONVERSION = YES;
				CLANG_WARN_INFINITE_RECURSION = YES;
				CLANG_WARN_INT_CONVERSION = YES;
				CLANG_WARN_NON_LITERAL_NULL_CONVERSION = YES;
				CLANG_WARN_OBJC_IMPLICIT_RETAIN_SELF = YES;
				CLANG_WARN_OBJC_LITERAL_CONVERSION = YES;
				CLANG_WARN_OBJC_ROOT_CLASS = YES_ERROR;
				CLANG_WARN_QUOTED_INCLUDE_IN_FRAMEWORK_HEADER = YES;
				CLANG_WARN_RANGE_LOOP_ANALYSIS = YES;
				CLANG_WARN_STRICT_PROTOTYPES = YES;
				CLANG_WARN_SUSPICIOUS_MOVE = YES;
				CLANG_WARN_UNGUARDED_AVAILABILITY = YES_AGGRESSIVE;
				CLANG_WARN_UNREACHABLE_CODE = YES;
				CLANG_WARN__DUPLICATE_METHOD_MATCH = YES;
				COPY_PHASE_STRIP = NO;
				DEBUG_INFORMATION_FORMAT = dwarf;
				ENABLE_STRICT_OBJC_MSGSEND = YES;
				ENABLE_TESTABILITY = YES;
				GCC_C_LANGUAGE_STANDARD = gnu11;
				GCC_DYNAMIC_NO_PIC = NO;
				GCC_NO_COMMON_BLOCKS = YES;
				GCC_OPTIMIZATION_LEVEL = 0;
				GCC_PREPROCESSOR_DEFINITIONS = (
					"DEBUG=1",
					"$(inherited)",
				);
				GCC_WARN_64_TO_32_BIT_CONVERSION = YES;
				GCC_WARN_ABOUT_RETURN_TYPE = YES_ERROR;
				GCC_WARN_UNDECLARED_SELECTOR = YES;
				GCC_WARN_UNINITIALIZED_AUTOS = YES_AGGRESSIVE;
				GCC_WARN_UNUSED_FUNCTION = YES;
				GCC_WARN_UNUSED_VARIABLE = YES;
				IPHONEOS_DEPLOYMENT_TARGET = 14.0;
				MTL_ENABLE_DEBUG_INFO = INCLUDE_SOURCE;
				MTL_FAST_MATH = YES;
				ONLY_ACTIVE_ARCH = YES;
				SDKROOT = iphoneos;
				SWIFT_ACTIVE_COMPILATION_CONDITIONS = DEBUG;
				SWIFT_OPTIMIZATION_LEVEL = "-Onone";
			};
			name = Debug;
		};
		1186C48825195688004BA303 /* Release */ = {
			isa = XCBuildConfiguration;
			buildSettings = {
				ALWAYS_SEARCH_USER_PATHS = NO;
				CLANG_ANALYZER_NONNULL = YES;
				CLANG_ANALYZER_NUMBER_OBJECT_CONVERSION = YES_AGGRESSIVE;
				CLANG_CXX_LANGUAGE_STANDARD = "gnu++14";
				CLANG_CXX_LIBRARY = "libc++";
				CLANG_ENABLE_MODULES = YES;
				CLANG_ENABLE_OBJC_ARC = YES;
				CLANG_ENABLE_OBJC_WEAK = YES;
				CLANG_WARN_BLOCK_CAPTURE_AUTORELEASING = YES;
				CLANG_WARN_BOOL_CONVERSION = YES;
				CLANG_WARN_COMMA = YES;
				CLANG_WARN_CONSTANT_CONVERSION = YES;
				CLANG_WARN_DEPRECATED_OBJC_IMPLEMENTATIONS = YES;
				CLANG_WARN_DIRECT_OBJC_ISA_USAGE = YES_ERROR;
				CLANG_WARN_DOCUMENTATION_COMMENTS = YES;
				CLANG_WARN_EMPTY_BODY = YES;
				CLANG_WARN_ENUM_CONVERSION = YES;
				CLANG_WARN_INFINITE_RECURSION = YES;
				CLANG_WARN_INT_CONVERSION = YES;
				CLANG_WARN_NON_LITERAL_NULL_CONVERSION = YES;
				CLANG_WARN_OBJC_IMPLICIT_RETAIN_SELF = YES;
				CLANG_WARN_OBJC_LITERAL_CONVERSION = YES;
				CLANG_WARN_OBJC_ROOT_CLASS = YES_ERROR;
				CLANG_WARN_QUOTED_INCLUDE_IN_FRAMEWORK_HEADER = YES;
				CLANG_WARN_RANGE_LOOP_ANALYSIS = YES;
				CLANG_WARN_STRICT_PROTOTYPES = YES;
				CLANG_WARN_SUSPICIOUS_MOVE = YES;
				CLANG_WARN_UNGUARDED_AVAILABILITY = YES_AGGRESSIVE;
				CLANG_WARN_UNREACHABLE_CODE = YES;
				CLANG_WARN__DUPLICATE_METHOD_MATCH = YES;
				COPY_PHASE_STRIP = NO;
				DEBUG_INFORMATION_FORMAT = "dwarf-with-dsym";
				ENABLE_NS_ASSERTIONS = NO;
				ENABLE_STRICT_OBJC_MSGSEND = YES;
				GCC_C_LANGUAGE_STANDARD = gnu11;
				GCC_NO_COMMON_BLOCKS = YES;
				GCC_WARN_64_TO_32_BIT_CONVERSION = YES;
				GCC_WARN_ABOUT_RETURN_TYPE = YES_ERROR;
				GCC_WARN_UNDECLARED_SELECTOR = YES;
				GCC_WARN_UNINITIALIZED_AUTOS = YES_AGGRESSIVE;
				GCC_WARN_UNUSED_FUNCTION = YES;
				GCC_WARN_UNUSED_VARIABLE = YES;
				IPHONEOS_DEPLOYMENT_TARGET = 14.0;
				MTL_ENABLE_DEBUG_INFO = NO;
				MTL_FAST_MATH = YES;
				SDKROOT = iphoneos;
				SWIFT_COMPILATION_MODE = wholemodule;
				SWIFT_OPTIMIZATION_LEVEL = "-O";
				VALIDATE_PRODUCT = YES;
			};
			name = Release;
		};
		1186C48A25195688004BA303 /* Debug */ = {
			isa = XCBuildConfiguration;
			buildSettings = {
				ASSETCATALOG_COMPILER_APPICON_NAME = AppIcon;
				ASSETCATALOG_COMPILER_GLOBAL_ACCENT_COLOR_NAME = AccentColor;
				CODE_SIGN_STYLE = Automatic;
				DEVELOPMENT_TEAM = BHNYTF7CQ4;
				INFOPLIST_FILE = WordGarden/Info.plist;
				LD_RUNPATH_SEARCH_PATHS = (
					"$(inherited)",
					"@executable_path/Frameworks",
				);
				PRODUCT_BUNDLE_IDENTIFIER = com.stutzman.WordGarden;
				PRODUCT_NAME = "$(TARGET_NAME)";
				SWIFT_VERSION = 5.0;
				TARGETED_DEVICE_FAMILY = "1,2";
			};
			name = Debug;
		};
		1186C48B25195688004BA303 /* Release */ = {
			isa = XCBuildConfiguration;
			buildSettings = {
				ASSETCATALOG_COMPILER_APPICON_NAME = AppIcon;
				ASSETCATALOG_COMPILER_GLOBAL_ACCENT_COLOR_NAME = AccentColor;
				CODE_SIGN_STYLE = Automatic;
				DEVELOPMENT_TEAM = BHNYTF7CQ4;
				INFOPLIST_FILE = WordGarden/Info.plist;
				LD_RUNPATH_SEARCH_PATHS = (
					"$(inherited)",
					"@executable_path/Frameworks",
				);
				PRODUCT_BUNDLE_IDENTIFIER = com.stutzman.WordGarden;
				PRODUCT_NAME = "$(TARGET_NAME)";
				SWIFT_VERSION = 5.0;
				TARGETED_DEVICE_FAMILY = "1,2";
			};
			name = Release;
		};
		1186C48D25195688004BA303 /* Debug */ = {
			isa = XCBuildConfiguration;
			buildSettings = {
				ALWAYS_EMBED_SWIFT_STANDARD_LIBRARIES = YES;
				BUNDLE_LOADER = "$(TEST_HOST)";
				CODE_SIGN_STYLE = Automatic;
				DEVELOPMENT_TEAM = BHNYTF7CQ4;
				INFOPLIST_FILE = WordGardenTests/Info.plist;
				IPHONEOS_DEPLOYMENT_TARGET = 14.0;
				LD_RUNPATH_SEARCH_PATHS = (
					"$(inherited)",
					"@executable_path/Frameworks",
					"@loader_path/Frameworks",
				);
				PRODUCT_BUNDLE_IDENTIFIER = com.stutzman.WordGardenTests;
				PRODUCT_NAME = "$(TARGET_NAME)";
				SWIFT_VERSION = 5.0;
				TARGETED_DEVICE_FAMILY = "1,2";
				TEST_HOST = "$(BUILT_PRODUCTS_DIR)/WordGarden.app/WordGarden";
			};
			name = Debug;
		};
		1186C48E25195688004BA303 /* Release */ = {
			isa = XCBuildConfiguration;
			buildSettings = {
				ALWAYS_EMBED_SWIFT_STANDARD_LIBRARIES = YES;
				BUNDLE_LOADER = "$(TEST_HOST)";
				CODE_SIGN_STYLE = Automatic;
				DEVELOPMENT_TEAM = BHNYTF7CQ4;
				INFOPLIST_FILE = WordGardenTests/Info.plist;
				IPHONEOS_DEPLOYMENT_TARGET = 14.0;
				LD_RUNPATH_SEARCH_PATHS = (
					"$(inherited)",
					"@executable_path/Frameworks",
					"@loader_path/Frameworks",
				);
				PRODUCT_BUNDLE_IDENTIFIER = com.stutzman.WordGardenTests;
				PRODUCT_NAME = "$(TARGET_NAME)";
				SWIFT_VERSION = 5.0;
				TARGETED_DEVICE_FAMILY = "1,2";
				TEST_HOST = "$(BUILT_PRODUCTS_DIR)/WordGarden.app/WordGarden";
			};
			name = Release;
		};
		1186C49025195688004BA303 /* Debug */ = {
			isa = XCBuildConfiguration;
			buildSettings = {
				ALWAYS_EMBED_SWIFT_STANDARD_LIBRARIES = YES;
				CODE_SIGN_STYLE = Automatic;
				DEVELOPMENT_TEAM = BHNYTF7CQ4;
				INFOPLIST_FILE = WordGardenUITests/Info.plist;
				LD_RUNPATH_SEARCH_PATHS = (
					"$(inherited)",
					"@executable_path/Frameworks",
					"@loader_path/Frameworks",
				);
				PRODUCT_BUNDLE_IDENTIFIER = com.stutzman.WordGardenUITests;
				PRODUCT_NAME = "$(TARGET_NAME)";
				SWIFT_VERSION = 5.0;
				TARGETED_DEVICE_FAMILY = "1,2";
				TEST_TARGET_NAME = WordGarden;
			};
			name = Debug;
		};
		1186C49125195688004BA303 /* Release */ = {
			isa = XCBuildConfiguration;
			buildSettings = {
				ALWAYS_EMBED_SWIFT_STANDARD_LIBRARIES = YES;
				CODE_SIGN_STYLE = Automatic;
				DEVELOPMENT_TEAM = BHNYTF7CQ4;
				INFOPLIST_FILE = WordGardenUITests/Info.plist;
				LD_RUNPATH_SEARCH_PATHS = (
					"$(inherited)",
					"@executable_path/Frameworks",
					"@loader_path/Frameworks",
				);
				PRODUCT_BUNDLE_IDENTIFIER = com.stutzman.WordGardenUITests;
				PRODUCT_NAME = "$(TARGET_NAME)";
				SWIFT_VERSION = 5.0;
				TARGETED_DEVICE_FAMILY = "1,2";
				TEST_TARGET_NAME = WordGarden;
			};
			name = Release;
		};
/* End XCBuildConfiguration section */

/* Begin XCConfigurationList section */
		1186C45A25195682004BA303 /* Build configuration list for PBXProject "WordGarden" */ = {
			isa = XCConfigurationList;
			buildConfigurations = (
				1186C48725195688004BA303 /* Debug */,
				1186C48825195688004BA303 /* Release */,
			);
			defaultConfigurationIsVisible = 0;
			defaultConfigurationName = Release;
		};
		1186C48925195688004BA303 /* Build configuration list for PBXNativeTarget "WordGarden" */ = {
			isa = XCConfigurationList;
			buildConfigurations = (
				1186C48A25195688004BA303 /* Debug */,
				1186C48B25195688004BA303 /* Release */,
			);
			defaultConfigurationIsVisible = 0;
			defaultConfigurationName = Release;
		};
		1186C48C25195688004BA303 /* Build configuration list for PBXNativeTarget "WordGardenTests" */ = {
			isa = XCConfigurationList;
			buildConfigurations = (
				1186C48D25195688004BA303 /* Debug */,
				1186C48E25195688004BA303 /* Release */,
			);
			defaultConfigurationIsVisible = 0;
			defaultConfigurationName = Release;
		};
		1186C48F25195688004BA303 /* Build configuration list for PBXNativeTarget "WordGardenUITests" */ = {
			isa = XCConfigurationList;
			buildConfigurations = (
				1186C49025195688004BA303 /* Debug */,
				1186C49125195688004BA303 /* Release */,
			);
			defaultConfigurationIsVisible = 0;
			defaultConfigurationName = Release;
		};
/* End XCConfigurationList section */
	};
	rootObject = 1186C45725195682004BA303 /* Project object */;
}
